# THIS IS AN AUTOGENERATED FILE. DO NOT EDIT THIS FILE DIRECTLY.
# yarn lockfile v1


"@0no-co/graphql.web@^1.0.1":
  version "1.0.4"
  resolved "https://registry.yarnpkg.com/@0no-co/graphql.web/-/graphql.web-1.0.4.tgz#9606eb651955499525d068ce0ad8bea596286ce2"
  integrity sha512-W3ezhHGfO0MS1PtGloaTpg0PbaT8aZSmmaerL7idtU5F7oCI+uu25k+MsMS31BVFlp4aMkHSrNRxiD72IlK8TA==

"@urql/core@>=4.0.0", "@urql/core@^4.2.0":
  version "4.2.2"
  resolved "https://registry.yarnpkg.com/@urql/core/-/core-4.2.2.tgz#c2b009373cb9084bbfa8ebc0177c854a76235b84"
  integrity sha512-TP1kheq9bnrEdnVbJqh0g0ZY/wfdpPeAzjiiDK+Tm+Pbi0O1Xdu6+fUJ/wJo5QpHZzkIyya4/AecG63e6scFqQ==
  dependencies:
    "@0no-co/graphql.web" "^1.0.1"
    wonka "^6.3.2"

"@urql/exchange-context@^0.2.1":
  version "0.2.1"
  resolved "https://registry.yarnpkg.com/@urql/exchange-context/-/exchange-context-0.2.1.tgz#687560d96aadfd467bb63842de3d5c7bcf7f3724"
  integrity sha512-DH65X7grIGDG5WEDQ3AIxSzW3eF+zpTRzHYUFpbcbjoQO+FzFM5X2oJofCbq5TqgrT9hMu8U2Y8qsGscmLkQhg==
  dependencies:
    "@urql/core" ">=4.0.0"
    wonka "^6.3.2"

typescript@^4.9.3:
  version "4.9.5"
  resolved "https://registry.yarnpkg.com/typescript/-/typescript-4.9.5.tgz#095979f9bcc0d09da324d58d03ce8f8374cbe65a"
  integrity sha512-1FXk9E2Hm+QzZQ7z+McJiHL4NW1F2EzMu9Nq9i3zAaGqibafqYwCVU6WyWAuyQRRzOlxou8xZSyXLEN8oKj24g==

urql@^4.0.6:
  version "4.0.6"
  resolved "https://registry.yarnpkg.com/urql/-/urql-4.0.6.tgz#2a2442da7ca63689559b0eff763b17ed4213928e"
  integrity sha512-meXJ2puOd64uCGKh7Fse2R7gPa8+ZpBOoA62jN7CPXXUt7SVZSdeXWSpB3HvlfzLUkEqsWbvshwrgeWRYNNGaQ==
  dependencies:
    "@urql/core" "^4.2.0"
    wonka "^6.3.2"

wonka@^6.3.2:
  version "6.3.4"
  resolved "https://registry.yarnpkg.com/wonka/-/wonka-6.3.4.tgz#76eb9316e3d67d7febf4945202b5bdb2db534594"
  integrity sha512-CjpbqNtBGNAeyNS/9W6q3kSkKE52+FjIj7AkFlLr11s/VWGUu6a2CdYSdGxocIhIVjaW/zchesBQUKPVU69Cqg==
